Microsoft Visual Studio Solution File, Format Version 12.00
# Visual Studio Version 17
VisualStudioVersion = 17.13.35931.197
MinimumVisualStudioVersion = 10.0.40219.1
Project("{FAE04EC0-301F-11D3-BF4B-00C04F79EFBC}") = "ExampleApp", "ExampleApp\ExampleApp.csproj", "{471A2A4A-DA24-418B-8AC9-330F8B3A605D}"
EndProject
Global
	GlobalSection(SolutionConfigurationPlatforms) = preSolution
		Debug|Any CPU = Debug|Any CPU
		Release|Any CPU = Release|Any CPU
	EndGlobalSection
	GlobalSection(ProjectConfigurationPlatforms) = postSolution
		{471A2A4A-DA24-418B-8AC9-330F8B3A605D}.Debug|Any CPU.ActiveCfg = Debug|Any CPU
		{471A2A4A-DA24-418B-8AC9-330F8B3A605D}.Debug|Any CPU.Build.0 = Debug|Any CPU
		{471A2A4A-DA24-418B-8AC9-330F8B3A605D}.Release|Any CPU.ActiveCfg = Release|Any CPU
		{471A2A4A-DA24-418B-8AC9-330F8B3A605D}.Release|Any CPU.Build.0 = Release|Any CPU
	EndGlobalSection
	GlobalSection(SolutionProperties) = preSolution
		HideSolutionNode = FALSE
	EndGlobalSection
	GlobalSection(ExtensibilityGlobals) = postSolution
		SolutionGuid = {361A1922-6163-4F93-BA7B-4D71755C73E9}
	EndGlobalSection
EndGlobal
